// !$*UTF8*$!
{
	archiveVersion = 1;
	classes = {
	};
	objectVersion = 50;
	objects = {

/* Begin PBXBuildFile section */
		DDF5F8BC26469BC00092363A /* Countdown_AppApp.swift in Sources */ = {isa = PBXBuildFile; fileRef = DDF5F8BB26469BC00092363A /* Countdown_AppApp.swift */; };
		DDF5F8BE26469BC00092363A /* CountdownView.swift in Sources */ = {isa = PBXBuildFile; fileRef = DDF5F8BD26469BC00092363A /* CountdownView.swift */; };
		DDF5F8C026469BC60092363A /* Assets.xcassets in Resources */ = {isa = PBXBuildFile; fileRef = DDF5F8BF26469BC60092363A /* Assets.xcassets */; };
		DDF5F8C326469BC60092363A /* Preview Assets.xcassets in Resources */ = {isa = PBXBuildFile; fileRef = DDF5F8C226469BC60092363A /* Preview Assets.xcassets */; };
		DDF5F8CE26469C270092363A /* CountdownManager.swift in Sources */ = {isa = PBXBuildFile; fileRef = DDF5F8CD26469C270092363A /* CountdownManager.swift */; };
		DDF5F8D42646A13A0092363A /* Event.swift in Sources */ = {isa = PBXBuildFile; fileRef = DDF5F8D32646A13A0092363A /* Event.swift */; };
		DDF5F8D72646A3AA0092363A /* EventRow.swift in Sources */ = {isa = PBXBuildFile; fileRef = DDF5F8D62646A3AA0092363A /* EventRow.swift */; };
		DDF5F8DA2647BA340092363A /* AddEventRow.swift in Sources */ = {isa = PBXBuildFile; fileRef = DDF5F8D92647BA340092363A /* AddEventRow.swift */; };
		DDF5F8DD2647BA5A0092363A /* AddEventSheet.swift in Sources */ = {isa = PBXBuildFile; fileRef = DDF5F8DC2647BA5A0092363A /* AddEventSheet.swift */; };
/* End PBXBuildFile section */

/* Begin PBXFileReference section */
		DDF5F8B826469BBF0092363A /* Countdown App.app */ = {isa = PBXFileReference; explicitFileType = wrapper.application; includeInIndex = 0; path = "Countdown App.app"; sourceTree = BUILT_PRODUCTS_DIR; };
		DDF5F8BB26469BC00092363A /* Countdown_AppApp.swift */ = {isa = PBXFileReference; lastKnownFileType = sourcecode.swift; path = Countdown_AppApp.swift; sourceTree = "<group>"; };
		DDF5F8BD26469BC00092363A /* CountdownView.swift */ = {isa = PBXFileReference; lastKnownFileType = sourcecode.swift; path = CountdownView.swift; sourceTree = "<group>"; };
		DDF5F8BF26469BC60092363A /* Assets.xcassets */ = {isa = PBXFileReference; lastKnownFileType = folder.assetcatalog; path = Assets.xcassets; sourceTree = "<group>"; };
		DDF5F8C226469BC60092363A /* Preview Assets.xcassets */ = {isa = PBXFileReference; lastKnownFileType = folder.assetcatalog; path = "Preview Assets.xcassets"; sourceTree = "<group>"; };
		DDF5F8C426469BC60092363A /* Info.plist */ = {isa = PBXFileReference; lastKnownFileType = text.plist.xml; path = Info.plist; sourceTree = "<group>"; };
		DDF5F8CD26469C270092363A /* CountdownManager.swift */ = {isa = PBXFileReference; lastKnownFileType = sourcecode.swift; path = CountdownManager.swift; sourceTree = "<group>"; };
		DDF5F8D32646A13A0092363A /* Event.swift */ = {isa = PBXFileReference; lastKnownFileType = sourcecode.swift; path = Event.swift; sourceTree = "<group>"; };
		DDF5F8D62646A3AA0092363A /* EventRow.swift */ = {isa = PBXFileReference; lastKnownFileType = sourcecode.swift; path = EventRow.swift; sourceTree = "<group>"; };
		DDF5F8D92647BA340092363A /* AddEventRow.swift */ = {isa = PBXFileReference; lastKnownFileType = sourcecode.swift; path = AddEventRow.swift; sourceTree = "<group>"; };
		DDF5F8DC2647BA5A0092363A /* AddEventSheet.swift */ = {isa = PBXFileReference; lastKnownFileType = sourcecode.swift; path = AddEventSheet.swift; sourceTree = "<group>"; };
/* End PBXFileReference section */

/* Begin PBXFrameworksBuildPhase section */
		DDF5F8B526469BBF0092363A /* Frameworks */ = {
			isa = PBXFrameworksBuildPhase;
			buildActionMask = 2147483647;
			files = (
			);
			runOnlyForDeploymentPostprocessing = 0;
		};
/* End PBXFrameworksBuildPhase section */

/* Begin PBXGroup section */
		DDF5F8AF26469BBF0092363A = {
			isa = PBXGroup;
			children = (
				DDF5F8BA26469BBF0092363A /* Countdown App */,
				DDF5F8B926469BBF0092363A /* Products */,
			);
			sourceTree = "<group>";
		};
		DDF5F8B926469BBF0092363A /* Products */ = {
			isa = PBXGroup;
			children = (
				DDF5F8B826469BBF0092363A /* Countdown App.app */,
			);
			name = Products;
			sourceTree = "<group>";
		};
		DDF5F8BA26469BBF0092363A /* Countdown App */ = {
			isa = PBXGroup;
			children = (
				DDF5F8D12646A11A0092363A /* Model */,
				DDF5F8CC26469BF20092363A /* View Model */,
				DDF5F8CB26469BEB0092363A /* Views */,
				DDF5F8BB26469BC00092363A /* Countdown_AppApp.swift */,
				DDF5F8BF26469BC60092363A /* Assets.xcassets */,
				DDF5F8C426469BC60092363A /* Info.plist */,
				DDF5F8C126469BC60092363A /* Preview Content */,
			);
			path = "Countdown App";
			sourceTree = "<group>";
		};
		DDF5F8C126469BC60092363A /* Preview Content */ = {
			isa = PBXGroup;
			children = (
				DDF5F8C226469BC60092363A /* Preview Assets.xcassets */,
			);
			path = "Preview Content";
			sourceTree = "<group>";
		};
		DDF5F8CB26469BEB0092363A /* Views */ = {
			isa = PBXGroup;
			children = (
				DDF5F8BD26469BC00092363A /* CountdownView.swift */,
				DDF5F8D62646A3AA0092363A /* EventRow.swift */,
				DDF5F8D92647BA340092363A /* AddEventRow.swift */,
				DDF5F8DC2647BA5A0092363A /* AddEventSheet.swift */,
			);
			path = Views;
			sourceTree = "<group>";
		};
		DDF5F8CC26469BF20092363A /* View Model */ = {
			isa = PBXGroup;
			children = (
				DDF5F8CD26469C270092363A /* CountdownManager.swift */,
			);
			path = "View Model";
			sourceTree = "<group>";
		};
		DDF5F8D12646A11A0092363A /* Model */ = {
			isa = PBXGroup;
			children = (
				DDF5F8D32646A13A0092363A /* Event.swift */,
			);
			path = Model;
			sourceTree = "<group>";
		};
/* End PBXGroup section */

/* Begin PBXNativeTarget section */
		DDF5F8B726469BBF0092363A /* Countdown App */ = {
			isa = PBXNativeTarget;
			buildConfigurationList = DDF5F8C726469BC60092363A /* Build configuration list for PBXNativeTarget "Countdown App" */;
			buildPhases = (
				DDF5F8B426469BBF0092363A /* Sources */,
				DDF5F8B526469BBF0092363A /* Frameworks */,
				DDF5F8B626469BBF0092363A /* Resources */,
			);
			buildRules = (
			);
			dependencies = (
			);
			name = "Countdown App";
			productName = "Countdown App";
			productReference = DDF5F8B826469BBF0092363A /* Countdown App.app */;
			productType = "com.apple.product-type.application";
		};
/* End PBXNativeTarget section */

/* Begin PBXProject section */
		DDF5F8B026469BBF0092363A /* Project object */ = {
			isa = PBXProject;
			attributes = {
				LastSwiftUpdateCheck = 1240;
				LastUpgradeCheck = 1240;
				TargetAttributes = {
					DDF5F8B726469BBF0092363A = {
						CreatedOnToolsVersion = 12.4;
					};
				};
			};
			buildConfigurationList = DDF5F8B326469BBF0092363A /* Build configuration list for PBXProject "Countdown App" */;
			compatibilityVersion = "Xcode 9.3";
			developmentRegion = en;
			hasScannedForEncodings = 0;
			knownRegions = (
				en,
				Base,
			);
			mainGroup = DDF5F8AF26469BBF0092363A;
			productRefGroup = DDF5F8B926469BBF0092363A /* Products */;
			projectDirPath = "";
			projectRoot = "";
			targets = (
				DDF5F8B726469BBF0092363A /* Countdown App */,
			);
		};
/* End PBXProject section */

/* Begin PBXResourcesBuildPhase section */
		DDF5F8B626469BBF0092363A /* Resources */ = {
			isa = PBXResourcesBuildPhase;
			buildActionMask = 2147483647;
			files = (
				DDF5F8C326469BC60092363A /* Preview Assets.xcassets in Resources */,
				DDF5F8C026469BC60092363A /* Assets.xcassets in Resources */,
			);
			runOnlyForDeploymentPostprocessing = 0;
		};
/* End PBXResourcesBuildPhase section */

/* Begin PBXSourcesBuildPhase section */
		DDF5F8B426469BBF0092363A /* Sources */ = {
			isa = PBXSourcesBuildPhase;
			buildActionMask = 2147483647;
			files = (
				DDF5F8BE26469BC00092363A /* CountdownView.swift in Sources */,
				DDF5F8DD2647BA5A0092363A /* AddEventSheet.swift in Sources */,
				DDF5F8DA2647BA340092363A /* AddEventRow.swift in Sources */,
				DDF5F8CE26469C270092363A /* CountdownManager.swift in Sources */,
				DDF5F8D72646A3AA0092363A /* EventRow.swift in Sources */,
				DDF5F8BC26469BC00092363A /* Countdown_AppApp.swift in Sources */,
				DDF5F8D42646A13A0092363A /* Event.swift in Sources */,
			);
			runOnlyForDeploymentPostprocessing = 0;
		};
/* End PBXSourcesBuildPhase section */

/* Begin XCBuildConfiguration section */
		DDF5F8C526469BC60092363A /* Debug */ = {
			isa = XCBuildConfiguration;
			buildSettings = {
				ALWAYS_SEARCH_USER_PATHS = NO;
				CLANG_ANALYZER_NONNULL = YES;
				CLANG_ANALYZER_NUMBER_OBJECT_CONVERSION = YES_AGGRESSIVE;
				CLANG_CXX_LANGUAGE_STANDARD = "gnu++14";
				CLANG_CXX_LIBRARY = "libc++";
				CLANG_ENABLE_MODULES = YES;
				CLANG_ENABLE_OBJC_ARC = YES;
				CLANG_ENABLE_OBJC_WEAK = YES;
				CLANG_WARN_BLOCK_CAPTURE_AUTORELEASING = YES;
				CLANG_WARN_BOOL_CONVERSION = YES;
				CLANG_WARN_COMMA = YES;
				CLANG_WARN_CONSTANT_CONVERSION = YES;
				CLANG_WARN_DEPRECATED_OBJC_IMPLEMENTATIONS = YES;
				CLANG_WARN_DIRECT_OBJC_ISA_USAGE = YES_ERROR;
				CLANG_WARN_DOCUMENTATION_COMMENTS = YES;
				CLANG_WARN_EMPTY_BODY = YES;
				CLANG_WARN_ENUM_CONVERSION = YES;
				CLANG_WARN_INFINITE_RECURSION = YES;
				CLANG_WARN_INT_CONVERSION = YES;
				CLANG_WARN_NON_LITERAL_NULL_CONVERSION = YES;
				CLANG_WARN_OBJC_IMPLICIT_RETAIN_SELF = YES;
				CLANG_WARN_OBJC_LITERAL_CONVERSION = YES;
				CLANG_WARN_OBJC_ROOT_CLASS = YES_ERROR;
				CLANG_WARN_QUOTED_INCLUDE_IN_FRAMEWORK_HEADER = YES;
				CLANG_WARN_RANGE_LOOP_ANALYSIS = YES;
				CLANG_WARN_STRICT_PROTOTYPES = YES;
				CLANG_WARN_SUSPICIOUS_MOVE = YES;
				CLANG_WARN_UNGUARDED_AVAILABILITY = YES_AGGRESSIVE;
				CLANG_WARN_UNREACHABLE_CODE = YES;
				CLANG_WARN__DUPLICATE_METHOD_MATCH = YES;
				COPY_PHASE_STRIP = NO;
				DEBUG_INFORMATION_FORMAT = dwarf;
				ENABLE_STRICT_OBJC_MSGSEND = YES;
				ENABLE_TESTABILITY = YES;
				GCC_C_LANGUAGE_STANDARD = gnu11;
				GCC_DYNAMIC_NO_PIC = NO;
				GCC_NO_COMMON_BLOCKS = YES;
				GCC_OPTIMIZATION_LEVEL = 0;
				GCC_PREPROCESSOR_DEFINITIONS = (
					"DEBUG=1",
					"$(inherited)",
				);
				GCC_WARN_64_TO_32_BIT_CONVERSION = YES;
				GCC_WARN_ABOUT_RETURN_TYPE = YES_ERROR;
				GCC_WARN_UNDECLARED_SELECTOR = YES;
				GCC_WARN_UNINITIALIZED_AUTOS = YES_AGGRESSIVE;
				GCC_WARN_UNUSED_FUNCTION = YES;
				GCC_WARN_UNUSED_VARIABLE = YES;
				IPHONEOS_DEPLOYMENT_TARGET = 14.4;
				MTL_ENABLE_DEBUG_INFO = INCLUDE_SOURCE;
				MTL_FAST_MATH = YES;
				ONLY_ACTIVE_ARCH = YES;
				SDKROOT = iphoneos;
				SWIFT_ACTIVE_COMPILATION_CONDITIONS = DEBUG;
				SWIFT_OPTIMIZATION_LEVEL = "-Onone";
			};
			name = Debug;
		};
		DDF5F8C626469BC60092363A /* Release */ = {
			isa = XCBuildConfiguration;
			buildSettings = {
				ALWAYS_SEARCH_USER_PATHS = NO;
				CLANG_ANALYZER_NONNULL = YES;
				CLANG_ANALYZER_NUMBER_OBJECT_CONVERSION = YES_AGGRESSIVE;
				CLANG_CXX_LANGUAGE_STANDARD = "gnu++14";
				CLANG_CXX_LIBRARY = "libc++";
				CLANG_ENABLE_MODULES = YES;
				CLANG_ENABLE_OBJC_ARC = YES;
				CLANG_ENABLE_OBJC_WEAK = YES;
				CLANG_WARN_BLOCK_CAPTURE_AUTORELEASING = YES;
				CLANG_WARN_BOOL_CONVERSION = YES;
				CLANG_WARN_COMMA = YES;
				CLANG_WARN_CONSTANT_CONVERSION = YES;
				CLANG_WARN_DEPRECATED_OBJC_IMPLEMENTATIONS = YES;
				CLANG_WARN_DIRECT_OBJC_ISA_USAGE = YES_ERROR;
				CLANG_WARN_DOCUMENTATION_COMMENTS = YES;
				CLANG_WARN_EMPTY_BODY = YES;
				CLANG_WARN_ENUM_CONVERSION = YES;
				CLANG_WARN_INFINITE_RECURSION = YES;
				CLANG_WARN_INT_CONVERSION = YES;
				CLANG_WARN_NON_LITERAL_NULL_CONVERSION = YES;
				CLANG_WARN_OBJC_IMPLICIT_RETAIN_SELF = YES;
				CLANG_WARN_OBJC_LITERAL_CONVERSION = YES;
				CLANG_WARN_OBJC_ROOT_CLASS = YES_ERROR;
				CLANG_WARN_QUOTED_INCLUDE_IN_FRAMEWORK_HEADER = YES;
				CLANG_WARN_RANGE_LOOP_ANALYSIS = YES;
				CLANG_WARN_STRICT_PROTOTYPES = YES;
				CLANG_WARN_SUSPICIOUS_MOVE = YES;
				CLANG_WARN_UNGUARDED_AVAILABILITY = YES_AGGRESSIVE;
				CLANG_WARN_UNREACHABLE_CODE = YES;
				CLANG_WARN__DUPLICATE_METHOD_MATCH = YES;
				COPY_PHASE_STRIP = NO;
				DEBUG_INFORMATION_FORMAT = "dwarf-with-dsym";
				ENABLE_NS_ASSERTIONS = NO;
				ENABLE_STRICT_OBJC_MSGSEND = YES;
				GCC_C_LANGUAGE_STANDARD = gnu11;
				GCC_NO_COMMON_BLOCKS = YES;
				GCC_WARN_64_TO_32_BIT_CONVERSION = YES;
				GCC_WARN_ABOUT_RETURN_TYPE = YES_ERROR;
				GCC_WARN_UNDECLARED_SELECTOR = YES;
				GCC_WARN_UNINITIALIZED_AUTOS = YES_AGGRESSIVE;
				GCC_WARN_UNUSED_FUNCTION = YES;
				GCC_WARN_UNUSED_VARIABLE = YES;
				IPHONEOS_DEPLOYMENT_TARGET = 14.4;
				MTL_ENABLE_DEBUG_INFO = NO;
				MTL_FAST_MATH = YES;
				SDKROOT = iphoneos;
				SWIFT_COMPILATION_MODE = wholemodule;
				SWIFT_OPTIMIZATION_LEVEL = "-O";
				VALIDATE_PRODUCT = YES;
			};
			name = Release;
		};
		DDF5F8C826469BC60092363A /* Debug */ = {
			isa = XCBuildConfiguration;
			buildSettings = {
				ASSETCATALOG_COMPILER_APPICON_NAME = AppIcon;
				ASSETCATALOG_COMPILER_GLOBAL_ACCENT_COLOR_NAME = AccentColor;
				CODE_SIGN_STYLE = Automatic;
				DEVELOPMENT_ASSET_PATHS = "\"Countdown App/Preview Content\"";
				DEVELOPMENT_TEAM = VLV7GQ8747;
				ENABLE_PREVIEWS = YES;
				INFOPLIST_FILE = "Countdown App/Info.plist";
				IPHONEOS_DEPLOYMENT_TARGET = 14.0;
				LD_RUNPATH_SEARCH_PATHS = (
					"$(inherited)",
					"@executable_path/Frameworks",
				);
				PRODUCT_BUNDLE_IDENTIFIER = "sydykovislam.Countdown-App";
				PRODUCT_NAME = "$(TARGET_NAME)";
				SWIFT_VERSION = 5.0;
				TARGETED_DEVICE_FAMILY = "1,2";
			};
			name = Debug;
		};
		DDF5F8C926469BC60092363A /* Release */ = {
			isa = XCBuildConfiguration;
			buildSettings = {
				ASSETCATALOG_COMPILER_APPICON_NAME = AppIcon;
				ASSETCATALOG_COMPILER_GLOBAL_ACCENT_COLOR_NAME = AccentColor;
				CODE_SIGN_STYLE = Automatic;
				DEVELOPMENT_ASSET_PATHS = "\"Countdown App/Preview Content\"";
				DEVELOPMENT_TEAM = VLV7GQ8747;
				ENABLE_PREVIEWS = YES;
				INFOPLIST_FILE = "Countdown App/Info.plist";
				IPHONEOS_DEPLOYMENT_TARGET = 14.0;
				LD_RUNPATH_SEARCH_PATHS = (
					"$(inherited)",
					"@executable_path/Frameworks",
				);
				PRODUCT_BUNDLE_IDENTIFIER = "sydykovislam.Countdown-App";
				PRODUCT_NAME = "$(TARGET_NAME)";
				SWIFT_VERSION = 5.0;
				TARGETED_DEVICE_FAMILY = "1,2";
			};
			name = Release;
		};
/* End XCBuildConfiguration section */

/* Begin XCConfigurationList section */
		DDF5F8B326469BBF0092363A /* Build configuration list for PBXProject "Countdown App" */ = {
			isa = XCConfigurationList;
			buildConfigurations = (
				DDF5F8C526469BC60092363A /* Debug */,
				DDF5F8C626469BC60092363A /* Release */,
			);
			defaultConfigurationIsVisible = 0;
			defaultConfigurationName = Release;
		};
		DDF5F8C726469BC60092363A /* Build configuration list for PBXNativeTarget "Countdown App" */ = {
			isa = XCConfigurationList;
			buildConfigurations = (
				DDF5F8C826469BC60092363A /* Debug */,
				DDF5F8C926469BC60092363A /* Release */,
			);
			defaultConfigurationIsVisible = 0;
			defaultConfigurationName = Release;
		};
/* End XCConfigurationList section */
	};
	rootObject = DDF5F8B026469BBF0092363A /* Project object */;
}
